# Generated by pub
# See https://dart.dev/tools/pub/glossary#lockfile
packages:
  ffi:
    dependency: transitive
    description:
      name: ffi
      sha256: "289279317b4b16eb2bb7e271abccd4bf84ec9bdcbe999e278a94b804f5630418"
      url: "https://pub.dev"
    source: hosted
    version: "2.1.4"
  journal:
    dependency: "direct main"
    description:
      path: ".."
      relative: true
    source: path
    version: "0.3.0"
  lints:
    dependency: "direct dev"
    description:
      name: lints
      sha256: cbf8d4b858bb0134ef3ef87841abdf8d63bfc255c266b7bf6b39daa1085c4290
      url: "https://pub.dev"
    source: hosted
    version: "3.0.0"
  logging:
    dependency: transitive
    description:
      name: logging
      sha256: c8245ada5f1717ed44271ed1c26b8ce85ca3228fd2ffdb75468ab01979309d61
      url: "https://pub.dev"
    source: hosted
    version: "1.3.0"
  meta:
    dependency: transitive
    description:
      name: meta
      sha256: e3641ec5d63ebf0d9b41bd43201a66e3fc79a65db5f61fc181f04cd27aab950c
      url: "https://pub.dev"
    source: hosted
    version: "1.16.0"
  path:
    dependency: transitive
    description:
      name: path
      sha256: "087ce49c3f0dc39180befefc60fdb4acd8f8620e5682fe2476afd0b3688bb4af"
      url: "https://pub.dev"
    source: hosted
    version: "1.9.0"
  stack_trace:
    dependency: transitive
    description:
      name: stack_trace
      sha256: "8b27215b45d22309b5cddda1aa2b19bdfec9df0e765f2de506401c071d38d1b1"
      url: "https://pub.dev"
    source: hosted
    version: "1.12.1"
  web:
    dependency: transitive
    description:
      name: web
      sha256: "868d88a33d8a87b18ffc05f9f030ba328ffefba92d6c127917a2ba740f9cfe4a"
      url: "https://pub.dev"
    source: hosted
    version: "1.1.1"
sdks:
  dart: ">=3.7.0 <4.0.0"
